{
  "name": "reentry",
  "version": "0.2.0",
  "lockfileVersion": 3,
  "requires": true,
  "packages": {
    "": {
      "name": "reentry",
      "version": "0.2.0",
      "bundleDependencies": [
        "@webmcp-challenge/reentry-core"
      ],
      "dependencies": {
        "@webmcp-challenge/reentry-core": "file:../../reentry-core"
      },
      "bin": {
        "reentry": "src/main.mjs"
      },
      "engines": {
        "node": ">=24"
      }
    },
    "../../reentry-core": {
      "name": "@webmcp-challenge/reentry-core",
      "version": "0.1.0",
      "engines": {
        "node": ">=24"
      }
    },
    "node_modules/@webmcp-challenge/reentry-core": {
      "resolved": "../../reentry-core",
      "link": true
    }
  }
}
